
Microsoft Visual Studio Solution File, Format Version 12.00
# Visual Studio Version 17
VisualStudioVersion = 17.5.33516.290
MinimumVisualStudioVersion = 10.0.40219.1
Project("{FAE04EC0-301F-11D3-BF4B-00C04F79EFBC}") = "maze", "maze.csproj", "{E46A2C64-0164-44AC-900F-7B4A39C403F5}"
EndProject
Global
	GlobalSection(SolutionConfigurationPlatforms) = preSolution
		Debug|Any CPU = Debug|Any CPU
		Release|Any CPU = Release|Any CPU
	EndGlobalSection
	GlobalSection(ProjectConfigurationPlatforms) = postSolution
		{E46A2C64-0164-44AC-900F-7B4A39C403F5}.Debug|Any CPU.ActiveCfg = Debug|Any CPU
		{E46A2C64-0164-44AC-900F-7B4A39C403F5}.Debug|Any CPU.Build.0 = Debug|Any CPU
		{E46A2C64-0164-44AC-900F-7B4A39C403F5}.Release|Any CPU.ActiveCfg = Release|Any CPU
		{E46A2C64-0164-44AC-900F-7B4A39C403F5}.Release|Any CPU.Build.0 = Release|Any CPU
	EndGlobalSection
	GlobalSection(SolutionProperties) = preSolution
		HideSolutionNode = FALSE
	EndGlobalSection
	GlobalSection(ExtensibilityGlobals) = postSolution
		SolutionGuid = {31941137-3441-43FA-A72F-B40896CEE40B}
	EndGlobalSection
EndGlobal
